
Microsoft Visual Studio Solution File, Format Version 12.00
# Visual Studio Version 17
VisualStudioVersion = 17.5.2.0
MinimumVisualStudioVersion = 10.0.40219.1
Project("{FAE04EC0-301F-11D3-BF4B-00C04F79EFBC}") = "Lære syntaks", "Lære syntaks.csproj", "{F05AEB48-8555-CF71-0BC1-1A239FF48158}"
EndProject
Global
	GlobalSection(SolutionConfigurationPlatforms) = preSolution
		Debug|Any CPU = Debug|Any CPU
		Release|Any CPU = Release|Any CPU
	EndGlobalSection
	GlobalSection(ProjectConfigurationPlatforms) = postSolution
		{F05AEB48-8555-CF71-0BC1-1A239FF48158}.Debug|Any CPU.ActiveCfg = Debug|Any CPU
		{F05AEB48-8555-CF71-0BC1-1A239FF48158}.Debug|Any CPU.Build.0 = Debug|Any CPU
		{F05AEB48-8555-CF71-0BC1-1A239FF48158}.Release|Any CPU.ActiveCfg = Release|Any CPU
		{F05AEB48-8555-CF71-0BC1-1A239FF48158}.Release|Any CPU.Build.0 = Release|Any CPU
	EndGlobalSection
	GlobalSection(SolutionProperties) = preSolution
		HideSolutionNode = FALSE
	EndGlobalSection
	GlobalSection(ExtensibilityGlobals) = postSolution
		SolutionGuid = {FB1D3355-6A63-408C-976F-590DCD724381}
	EndGlobalSection
EndGlobal
